
Microsoft Visual Studio Solution File, Format Version 12.00
# Visual Studio 15
VisualStudioVersion = 15.0.26730.16
MinimumVisualStudioVersion = 10.0.40219.1
Project("{FAE04EC0-301F-11D3-BF4B-00C04F79EFBC}") = "HomeCinema", "HomeCinema\HomeCinema.csproj", "{A3A96241-C7CD-4095-8767-9AA0C7D5513C}"
EndProject
Project("{FAE04EC0-301F-11D3-BF4B-00C04F79EFBC}") = "HomeCinema.Entities", "HomeCinema.Entities\HomeCinema.Entities.csproj", "{C2097660-5FCC-45D1-9A22-5CB60EA791B0}"
EndProject
Project("{FAE04EC0-301F-11D3-BF4B-00C04F79EFBC}") = "HomeCinema.Data", "HomeCinema.Data\HomeCinema.Data.csproj", "{7B25394D-F885-4BD7-96EA-9C165E71E88D}"
EndProject
Project("{FAE04EC0-301F-11D3-BF4B-00C04F79EFBC}") = "HomeCinema.Services", "HomeCinema.Services\HomeCinema.Services.csproj", "{FAF4B6E5-C0A6-4FBC-B2B5-BDF7E1BC5F8C}"
EndProject
Project("{FAE04EC0-301F-11D3-BF4B-00C04F79EFBC}") = "HomeCinema.Web", "HomeCinema.Web\HomeCinema.Web.csproj", "{05CF488F-224B-4A0B-BF6D-7E813BB8F9FF}"
EndProject
Global
	GlobalSection(SolutionConfigurationPlatforms) = preSolution
		Debug|Any CPU = Debug|Any CPU
		Release|Any CPU = Release|Any CPU
	EndGlobalSection
	GlobalSection(ProjectConfigurationPlatforms) = postSolution
		{A3A96241-C7CD-4095-8767-9AA0C7D5513C}.Debug|Any CPU.ActiveCfg = Debug|Any CPU
		{A3A96241-C7CD-4095-8767-9AA0C7D5513C}.Debug|Any CPU.Build.0 = Debug|Any CPU
		{A3A96241-C7CD-4095-8767-9AA0C7D5513C}.Release|Any CPU.ActiveCfg = Release|Any CPU
		{A3A96241-C7CD-4095-8767-9AA0C7D5513C}.Release|Any CPU.Build.0 = Release|Any CPU
		{C2097660-5FCC-45D1-9A22-5CB60EA791B0}.Debug|Any CPU.ActiveCfg = Debug|Any CPU
		{C2097660-5FCC-45D1-9A22-5CB60EA791B0}.Debug|Any CPU.Build.0 = Debug|Any CPU
		{C2097660-5FCC-45D1-9A22-5CB60EA791B0}.Release|Any CPU.ActiveCfg = Release|Any CPU
		{C2097660-5FCC-45D1-9A22-5CB60EA791B0}.Release|Any CPU.Build.0 = Release|Any CPU
		{7B25394D-F885-4BD7-96EA-9C165E71E88D}.Debug|Any CPU.ActiveCfg = Debug|Any CPU
		{7B25394D-F885-4BD7-96EA-9C165E71E88D}.Debug|Any CPU.Build.0 = Debug|Any CPU
		{7B25394D-F885-4BD7-96EA-9C165E71E88D}.Release|Any CPU.ActiveCfg = Release|Any CPU
		{7B25394D-F885-4BD7-96EA-9C165E71E88D}.Release|Any CPU.Build.0 = Release|Any CPU
		{FAF4B6E5-C0A6-4FBC-B2B5-BDF7E1BC5F8C}.Debug|Any CPU.ActiveCfg = Debug|Any CPU
		{FAF4B6E5-C0A6-4FBC-B2B5-BDF7E1BC5F8C}.Debug|Any CPU.Build.0 = Debug|Any CPU
		{FAF4B6E5-C0A6-4FBC-B2B5-BDF7E1BC5F8C}.Release|Any CPU.ActiveCfg = Release|Any CPU
		{FAF4B6E5-C0A6-4FBC-B2B5-BDF7E1BC5F8C}.Release|Any CPU.Build.0 = Release|Any CPU
		{05CF488F-224B-4A0B-BF6D-7E813BB8F9FF}.Debug|Any CPU.ActiveCfg = Debug|Any CPU
		{05CF488F-224B-4A0B-BF6D-7E813BB8F9FF}.Debug|Any CPU.Build.0 = Debug|Any CPU
		{05CF488F-224B-4A0B-BF6D-7E813BB8F9FF}.Release|Any CPU.ActiveCfg = Release|Any CPU
		{05CF488F-224B-4A0B-BF6D-7E813BB8F9FF}.Release|Any CPU.Build.0 = Release|Any CPU
	EndGlobalSection
	GlobalSection(SolutionProperties) = preSolution
		HideSolutionNode = FALSE
	EndGlobalSection
	GlobalSection(ExtensibilityGlobals) = postSolution
		SolutionGuid = {D83E8BA8-67D2-4F5E-A1AF-122A241761AA}
	EndGlobalSection
EndGlobal
